
Microsoft Visual Studio Solution File, Format Version 11.00
# Visual Studio 2010
Project("{8BC9CEB8-8B4A-11D0-8D11-00A0C91BC942}") = "project2", "project2.vcxproj", "{ED0FE9B9-F3C7-8F21-22DE-6F02B15792B2}"
EndProject
Global
	GlobalSection(SolutionConfigurationPlatforms) = preSolution
		Debug|Win32 = Debug|Win32
		Release|Win32 = Release|Win32
	EndGlobalSection
	GlobalSection(ProjectConfigurationPlatforms) = postSolution
		{ED0FE9B9-F3C7-8F21-22DE-6F02B15792B2}.Debug|Win32.ActiveCfg = Debug|Win32
		{ED0FE9B9-F3C7-8F21-22DE-6F02B15792B2}.Debug|Win32.Build.0 = Debug|Win32
		{ED0FE9B9-F3C7-8F21-22DE-6F02B15792B2}.Release|Win32.ActiveCfg = Release|Win32
		{ED0FE9B9-F3C7-8F21-22DE-6F02B15792B2}.Release|Win32.Build.0 = Release|Win32
	EndGlobalSection
	GlobalSection(SolutionProperties) = preSolution
		HideSolutionNode = FALSE
	EndGlobalSection
EndGlobal
